
Microsoft Visual Studio Solution File, Format Version 12.00
# Visual Studio Version 16
VisualStudioVersion = 16.0.31321.278
MinimumVisualStudioVersion = 10.0.40219.1
Project("{FAE04EC0-301F-11D3-BF4B-00C04F79EFBC}") = "DatabaseConnect", "DatabaseConnect\DatabaseConnect.csproj", "{1B67048B-65C9-4066-A06B-55BBACEFF255}"
EndProject
Global
	GlobalSection(SolutionConfigurationPlatforms) = preSolution
		Debug|Any CPU = Debug|Any CPU
		Release|Any CPU = Release|Any CPU
	EndGlobalSection
	GlobalSection(ProjectConfigurationPlatforms) = postSolution
		{1B67048B-65C9-4066-A06B-55BBACEFF255}.Debug|Any CPU.ActiveCfg = Debug|Any CPU
		{1B67048B-65C9-4066-A06B-55BBACEFF255}.Debug|Any CPU.Build.0 = Debug|Any CPU
		{1B67048B-65C9-4066-A06B-55BBACEFF255}.Release|Any CPU.ActiveCfg = Release|Any CPU
		{1B67048B-65C9-4066-A06B-55BBACEFF255}.Release|Any CPU.Build.0 = Release|Any CPU
	EndGlobalSection
	GlobalSection(SolutionProperties) = preSolution
		HideSolutionNode = FALSE
	EndGlobalSection
	GlobalSection(ExtensibilityGlobals) = postSolution
		SolutionGuid = {09253115-A2A1-430B-B4FC-B420E20B02BA}
	EndGlobalSection
EndGlobal
